{
  "originHash" : "b71590f8348cf593c931212cc95401370a8acd8b1028b34365ae124f477fad89",
  "pins" : [
    {
      "identity" : "grdb.swift",
      "kind" : "remoteSourceControl",
      "location" : "https://github.com/groue/GRDB.swift",
      "state" : {
        "revision" : "b83108d10f42680d78f23fe4d4d80fc88dab3212",
        "version" : "7.11.1"
      }
    },
    {
      "identity" : "sparrow-cold-storage",
      "kind" : "remoteSourceControl",
      "location" : "https://github.com/ksypSparrow/sparrow-cold-storage",
      "state" : {
        "revision" : "1215e4ec9c0bf6a25785cfe9ebb24b56e0d94108",
        "version" : "0.8.0"
      }
    },
    {
      "identity" : "sparrow-domain",
      "kind" : "remoteSourceControl",
      "location" : "https://github.com/ksypSparrow/sparrow-domain",
      "state" : {
        "revision" : "5b3fee333bf26939a38e8897e669b6f1de6ed1e5",
        "version" : "0.6.0"
      }
    }
  ],
  "version" : 3
}
