{
  "originHash" : "8d2b089d1d09d51bb876d96d070d35ae19978dfd282f0a17e10944ffb2f7a301",
  "pins" : [
    {
      "identity" : "grdb.swift",
      "kind" : "remoteSourceControl",
      "location" : "https://github.com/groue/GRDB.swift",
      "state" : {
        "revision" : "b83108d10f42680d78f23fe4d4d80fc88dab3212",
        "version" : "7.11.1"
      }
    },
    {
      "identity" : "sparrow-cold-storage",
      "kind" : "remoteSourceControl",
      "location" : "https://github.com/ksypSparrow/sparrow-cold-storage",
      "state" : {
        "revision" : "e701ae876cce921999acdf337c669eaa4f161e88",
        "version" : "0.7.0"
      }
    },
    {
      "identity" : "sparrow-domain",
      "kind" : "remoteSourceControl",
      "location" : "https://github.com/ksypSparrow/sparrow-domain",
      "state" : {
        "revision" : "5b3fee333bf26939a38e8897e669b6f1de6ed1e5",
        "version" : "0.6.0"
      }
    }
  ],
  "version" : 3
}
