{
  "originHash" : "525f6a12f91b98f723e0de17efac9094f5c32760120c6f693598e0ab6c5bae73",
  "pins" : [
    {
      "identity" : "grdb.swift",
      "kind" : "remoteSourceControl",
      "location" : "https://github.com/groue/GRDB.swift",
      "state" : {
        "revision" : "b83108d10f42680d78f23fe4d4d80fc88dab3212",
        "version" : "7.11.1"
      }
    },
    {
      "identity" : "sparrow-cold-storage",
      "kind" : "remoteSourceControl",
      "location" : "https://github.com/ksypSparrow/sparrow-cold-storage",
      "state" : {
        "revision" : "b6b9b0297302089863e8bda1e48110abf5895e8a",
        "version" : "0.5.0"
      }
    },
    {
      "identity" : "sparrow-domain",
      "kind" : "remoteSourceControl",
      "location" : "https://github.com/ksypSparrow/sparrow-domain",
      "state" : {
        "revision" : "bf0d0dd9ffb22acf371b5531926acad50ab02cd0",
        "version" : "0.4.0"
      }
    }
  ],
  "version" : 3
}
